
Microsoft Visual Studio Solution File, Format Version 11.00
# Visual Studio 2010
Project("{6989167D-11E4-40FE-8C1A-2192A86A7E90}") = "dtu_we_controller", "dtu_we_controller\dtu_we_controller.vfproj", "{8DC2311E-C2DB-46DC-82FC-3671E2174EFE}"
EndProject
Project("{6989167D-11E4-40FE-8C1A-2192A86A7E90}") = "dtu_we_controller_bladed", "dtu_we_controller_bladed\dtu_we_controller_bladed.vfproj", "{1C41A2C0-84C9-4DA1-A681-12B475CB23C9}"
	ProjectSection(ProjectDependencies) = postProject
		{8DC2311E-C2DB-46DC-82FC-3671E2174EFE} = {8DC2311E-C2DB-46DC-82FC-3671E2174EFE}
	EndProjectSection
EndProject
Global
	GlobalSection(SolutionConfigurationPlatforms) = preSolution
		Debug|Win32 = Debug|Win32
		Release|Win32 = Release|Win32
	EndGlobalSection
	GlobalSection(ProjectConfigurationPlatforms) = postSolution
		{8DC2311E-C2DB-46DC-82FC-3671E2174EFE}.Debug|Win32.ActiveCfg = Debug|Win32
		{8DC2311E-C2DB-46DC-82FC-3671E2174EFE}.Debug|Win32.Build.0 = Debug|Win32
		{8DC2311E-C2DB-46DC-82FC-3671E2174EFE}.Release|Win32.ActiveCfg = Release|Win32
		{8DC2311E-C2DB-46DC-82FC-3671E2174EFE}.Release|Win32.Build.0 = Release|Win32
		{1C41A2C0-84C9-4DA1-A681-12B475CB23C9}.Debug|Win32.ActiveCfg = Debug|Win32
		{1C41A2C0-84C9-4DA1-A681-12B475CB23C9}.Debug|Win32.Build.0 = Debug|Win32
		{1C41A2C0-84C9-4DA1-A681-12B475CB23C9}.Release|Win32.ActiveCfg = Release|Win32
		{1C41A2C0-84C9-4DA1-A681-12B475CB23C9}.Release|Win32.Build.0 = Release|Win32
	EndGlobalSection
	GlobalSection(SolutionProperties) = preSolution
		HideSolutionNode = FALSE
	EndGlobalSection
EndGlobal
